// !$*UTF8*$!
{
	archiveVersion = 1;
	classes = {
	};
	objectVersion = 46;
	objects = {

/* Begin PBXBuildFile section */
		F02064C11BBAF67E0012F018 /* mainViewController.swift in Sources */ = {isa = PBXBuildFile; fileRef = F02064C01BBAF67E0012F018 /* mainViewController.swift */; settings = {ASSET_TAGS = (); }; };
		F02064C31BBAFB080012F018 /* menuItem2ViewController.swift in Sources */ = {isa = PBXBuildFile; fileRef = F02064C21BBAFB080012F018 /* menuItem2ViewController.swift */; settings = {ASSET_TAGS = (); }; };
		F02064C51BBB01210012F018 /* menuitem3ViewController.swift in Sources */ = {isa = PBXBuildFile; fileRef = F02064C41BBB01210012F018 /* menuitem3ViewController.swift */; settings = {ASSET_TAGS = (); }; };
		F03BEF281BBA8FF100B7D253 /* AppDelegate.swift in Sources */ = {isa = PBXBuildFile; fileRef = F03BEF271BBA8FF100B7D253 /* AppDelegate.swift */; };
		F03BEF2A1BBA8FF100B7D253 /* ViewController.swift in Sources */ = {isa = PBXBuildFile; fileRef = F03BEF291BBA8FF100B7D253 /* ViewController.swift */; };
		F03BEF2D1BBA8FF100B7D253 /* Main.storyboard in Resources */ = {isa = PBXBuildFile; fileRef = F03BEF2B1BBA8FF100B7D253 /* Main.storyboard */; };
		F03BEF2F1BBA8FF100B7D253 /* Assets.xcassets in Resources */ = {isa = PBXBuildFile; fileRef = F03BEF2E1BBA8FF100B7D253 /* Assets.xcassets */; };
		F03BEF321BBA8FF100B7D253 /* LaunchScreen.storyboard in Resources */ = {isa = PBXBuildFile; fileRef = F03BEF301BBA8FF100B7D253 /* LaunchScreen.storyboard */; };
		F03BEF3D1BBA8FF100B7D253 /* makemainviewTests.swift in Sources */ = {isa = PBXBuildFile; fileRef = F03BEF3C1BBA8FF100B7D253 /* makemainviewTests.swift */; };
		F03BEF481BBA8FF100B7D253 /* makemainviewUITests.swift in Sources */ = {isa = PBXBuildFile; fileRef = F03BEF471BBA8FF100B7D253 /* makemainviewUITests.swift */; };
		F03BEF591BBAF02E00B7D253 /* SWRevealViewController.m in Sources */ = {isa = PBXBuildFile; fileRef = F03BEF581BBAF02E00B7D253 /* SWRevealViewController.m */; settings = {ASSET_TAGS = (); }; };
/* End PBXBuildFile section */

/* Begin PBXContainerItemProxy section */
		F03BEF391BBA8FF100B7D253 /* PBXContainerItemProxy */ = {
			isa = PBXContainerItemProxy;
			containerPortal = F03BEF1C1BBA8FF100B7D253 /* Project object */;
			proxyType = 1;
			remoteGlobalIDString = F03BEF231BBA8FF100B7D253;
			remoteInfo = makemainview;
		};
		F03BEF441BBA8FF100B7D253 /* PBXContainerItemProxy */ = {
			isa = PBXContainerItemProxy;
			containerPortal = F03BEF1C1BBA8FF100B7D253 /* Project object */;
			proxyType = 1;
			remoteGlobalIDString = F03BEF231BBA8FF100B7D253;
			remoteInfo = makemainview;
		};
/* End PBXContainerItemProxy section */

/* Begin PBXFileReference section */
		F02064C01BBAF67E0012F018 /* mainViewController.swift */ = {isa = PBXFileReference; fileEncoding = 4; lastKnownFileType = sourcecode.swift; name = mainViewController.swift; path = makemainview/mainViewController.swift; sourceTree = "<group>"; };
		F02064C21BBAFB080012F018 /* menuItem2ViewController.swift */ = {isa = PBXFileReference; fileEncoding = 4; lastKnownFileType = sourcecode.swift; name = menuItem2ViewController.swift; path = makemainview/menuItem2ViewController.swift; sourceTree = "<group>"; };
		F02064C41BBB01210012F018 /* menuitem3ViewController.swift */ = {isa = PBXFileReference; fileEncoding = 4; lastKnownFileType = sourcecode.swift; path = menuitem3ViewController.swift; sourceTree = "<group>"; };
		F03BEF241BBA8FF100B7D253 /* makemainview.app */ = {isa = PBXFileReference; explicitFileType = wrapper.application; includeInIndex = 0; path = makemainview.app; sourceTree = BUILT_PRODUCTS_DIR; };
		F03BEF271BBA8FF100B7D253 /* AppDelegate.swift */ = {isa = PBXFileReference; lastKnownFileType = sourcecode.swift; path = AppDelegate.swift; sourceTree = "<group>"; };
		F03BEF291BBA8FF100B7D253 /* ViewController.swift */ = {isa = PBXFileReference; lastKnownFileType = sourcecode.swift; path = ViewController.swift; sourceTree = "<group>"; };
		F03BEF2C1BBA8FF100B7D253 /* Base */ = {isa = PBXFileReference; lastKnownFileType = file.storyboard; name = Base; path = Base.lproj/Main.storyboard; sourceTree = "<group>"; };
		F03BEF2E1BBA8FF100B7D253 /* Assets.xcassets */ = {isa = PBXFileReference; lastKnownFileType = folder.assetcatalog; path = Assets.xcassets; sourceTree = "<group>"; };
		F03BEF311BBA8FF100B7D253 /* Base */ = {isa = PBXFileReference; lastKnownFileType = file.storyboard; name = Base; path = Base.lproj/LaunchScreen.storyboard; sourceTree = "<group>"; };
		F03BEF331BBA8FF100B7D253 /* Info.plist */ = {isa = PBXFileReference; lastKnownFileType = text.plist.xml; path = Info.plist; sourceTree = "<group>"; };
		F03BEF381BBA8FF100B7D253 /* makemainviewTests.xctest */ = {isa = PBXFileReference; explicitFileType = wrapper.cfbundle; includeInIndex = 0; path = makemainviewTests.xctest; sourceTree = BUILT_PRODUCTS_DIR; };
		F03BEF3C1BBA8FF100B7D253 /* makemainviewTests.swift */ = {isa = PBXFileReference; lastKnownFileType = sourcecode.swift; path = makemainviewTests.swift; sourceTree = "<group>"; };
		F03BEF3E1BBA8FF100B7D253 /* Info.plist */ = {isa = PBXFileReference; lastKnownFileType = text.plist.xml; path = Info.plist; sourceTree = "<group>"; };
		F03BEF431BBA8FF100B7D253 /* makemainviewUITests.xctest */ = {isa = PBXFileReference; explicitFileType = wrapper.cfbundle; includeInIndex = 0; path = makemainviewUITests.xctest; sourceTree = BUILT_PRODUCTS_DIR; };
		F03BEF471BBA8FF100B7D253 /* makemainviewUITests.swift */ = {isa = PBXFileReference; lastKnownFileType = sourcecode.swift; path = makemainviewUITests.swift; sourceTree = "<group>"; };
		F03BEF491BBA8FF100B7D253 /* Info.plist */ = {isa = PBXFileReference; lastKnownFileType = text.plist.xml; path = Info.plist; sourceTree = "<group>"; };
		F03BEF561BBAF02D00B7D253 /* makemainview-Bridging-Header.h */ = {isa = PBXFileReference; lastKnownFileType = sourcecode.c.h; path = "makemainview-Bridging-Header.h"; sourceTree = "<group>"; };
		F03BEF571BBAF02E00B7D253 /* SWRevealViewController.h */ = {isa = PBXFileReference; fileEncoding = 4; lastKnownFileType = sourcecode.c.h; path = SWRevealViewController.h; sourceTree = "<group>"; };
		F03BEF581BBAF02E00B7D253 /* SWRevealViewController.m */ = {isa = PBXFileReference; fileEncoding = 4; lastKnownFileType = sourcecode.c.objc; path = SWRevealViewController.m; sourceTree = "<group>"; };
/* End PBXFileReference section */

/* Begin PBXFrameworksBuildPhase section */
		F03BEF211BBA8FF100B7D253 /* Frameworks */ = {
			isa = PBXFrameworksBuildPhase;
			buildActionMask = 2147483647;
			files = (
			);
			runOnlyForDeploymentPostprocessing = 0;
		};
		F03BEF351BBA8FF100B7D253 /* Frameworks */ = {
			isa = PBXFrameworksBuildPhase;
			buildActionMask = 2147483647;
			files = (
			);
			runOnlyForDeploymentPostprocessing = 0;
		};
		F03BEF401BBA8FF100B7D253 /* Frameworks */ = {
			isa = PBXFrameworksBuildPhase;
			buildActionMask = 2147483647;
			files = (
			);
			runOnlyForDeploymentPostprocessing = 0;
		};
/* End PBXFrameworksBuildPhase section */

/* Begin PBXGroup section */
		F03BEF1B1BBA8FF100B7D253 = {
			isa = PBXGroup;
			children = (
				F02064C21BBAFB080012F018 /* menuItem2ViewController.swift */,
				F02064C01BBAF67E0012F018 /* mainViewController.swift */,
				F03BEF261BBA8FF100B7D253 /* makemainview */,
				F03BEF3B1BBA8FF100B7D253 /* makemainviewTests */,
				F03BEF461BBA8FF100B7D253 /* makemainviewUITests */,
				F03BEF251BBA8FF100B7D253 /* Products */,
			);
			sourceTree = "<group>";
		};
		F03BEF251BBA8FF100B7D253 /* Products */ = {
			isa = PBXGroup;
			children = (
				F03BEF241BBA8FF100B7D253 /* makemainview.app */,
				F03BEF381BBA8FF100B7D253 /* makemainviewTests.xctest */,
				F03BEF431BBA8FF100B7D253 /* makemainviewUITests.xctest */,
			);
			name = Products;
			sourceTree = "<group>";
		};
		F03BEF261BBA8FF100B7D253 /* makemainview */ = {
			isa = PBXGroup;
			children = (
				F03BEF551BBAEF7300B7D253 /* SWrevealViewController */,
				F03BEF271BBA8FF100B7D253 /* AppDelegate.swift */,
				F03BEF291BBA8FF100B7D253 /* ViewController.swift */,
				F03BEF2B1BBA8FF100B7D253 /* Main.storyboard */,
				F02064C41BBB01210012F018 /* menuitem3ViewController.swift */,
				F03BEF2E1BBA8FF100B7D253 /* Assets.xcassets */,
				F03BEF301BBA8FF100B7D253 /* LaunchScreen.storyboard */,
				F03BEF331BBA8FF100B7D253 /* Info.plist */,
			);
			path = makemainview;
			sourceTree = "<group>";
		};
		F03BEF3B1BBA8FF100B7D253 /* makemainviewTests */ = {
			isa = PBXGroup;
			children = (
				F03BEF3C1BBA8FF100B7D253 /* makemainviewTests.swift */,
				F03BEF3E1BBA8FF100B7D253 /* Info.plist */,
			);
			path = makemainviewTests;
			sourceTree = "<group>";
		};
		F03BEF461BBA8FF100B7D253 /* makemainviewUITests */ = {
			isa = PBXGroup;
			children = (
				F03BEF471BBA8FF100B7D253 /* makemainviewUITests.swift */,
				F03BEF491BBA8FF100B7D253 /* Info.plist */,
			);
			path = makemainviewUITests;
			sourceTree = "<group>";
		};
		F03BEF551BBAEF7300B7D253 /* SWrevealViewController */ = {
			isa = PBXGroup;
			children = (
				F03BEF571BBAF02E00B7D253 /* SWRevealViewController.h */,
				F03BEF581BBAF02E00B7D253 /* SWRevealViewController.m */,
				F03BEF561BBAF02D00B7D253 /* makemainview-Bridging-Header.h */,
			);
			name = SWrevealViewController;
			sourceTree = "<group>";
		};
/* End PBXGroup section */

/* Begin PBXNativeTarget section */
		F03BEF231BBA8FF100B7D253 /* makemainview */ = {
			isa = PBXNativeTarget;
			buildConfigurationList = F03BEF4C1BBA8FF100B7D253 /* Build configuration list for PBXNativeTarget "makemainview" */;
			buildPhases = (
				F03BEF201BBA8FF100B7D253 /* Sources */,
				F03BEF211BBA8FF100B7D253 /* Frameworks */,
				F03BEF221BBA8FF100B7D253 /* Resources */,
			);
			buildRules = (
			);
			dependencies = (
			);
			name = makemainview;
			productName = makemainview;
			productReference = F03BEF241BBA8FF100B7D253 /* makemainview.app */;
			productType = "com.apple.product-type.application";
		};
		F03BEF371BBA8FF100B7D253 /* makemainviewTests */ = {
			isa = PBXNativeTarget;
			buildConfigurationList = F03BEF4F1BBA8FF100B7D253 /* Build configuration list for PBXNativeTarget "makemainviewTests" */;
			buildPhases = (
				F03BEF341BBA8FF100B7D253 /* Sources */,
				F03BEF351BBA8FF100B7D253 /* Frameworks */,
				F03BEF361BBA8FF100B7D253 /* Resources */,
			);
			buildRules = (
			);
			dependencies = (
				F03BEF3A1BBA8FF100B7D253 /* PBXTargetDependency */,
			);
			name = makemainviewTests;
			productName = makemainviewTests;
			productReference = F03BEF381BBA8FF100B7D253 /* makemainviewTests.xctest */;
			productType = "com.apple.product-type.bundle.unit-test";
		};
		F03BEF421BBA8FF100B7D253 /* makemainviewUITests */ = {
			isa = PBXNativeTarget;
			buildConfigurationList = F03BEF521BBA8FF100B7D253 /* Build configuration list for PBXNativeTarget "makemainviewUITests" */;
			buildPhases = (
				F03BEF3F1BBA8FF100B7D253 /* Sources */,
				F03BEF401BBA8FF100B7D253 /* Frameworks */,
				F03BEF411BBA8FF100B7D253 /* Resources */,
			);
			buildRules = (
			);
			dependencies = (
				F03BEF451BBA8FF100B7D253 /* PBXTargetDependency */,
			);
			name = makemainviewUITests;
			productName = makemainviewUITests;
			productReference = F03BEF431BBA8FF100B7D253 /* makemainviewUITests.xctest */;
			productType = "com.apple.product-type.bundle.ui-testing";
		};
/* End PBXNativeTarget section */

/* Begin PBXProject section */
		F03BEF1C1BBA8FF100B7D253 /* Project object */ = {
			isa = PBXProject;
			attributes = {
				LastSwiftUpdateCheck = 0700;
				LastUpgradeCheck = 0700;
				ORGANIZATIONNAME = "Kjersti Fagerholt";
				TargetAttributes = {
					F03BEF231BBA8FF100B7D253 = {
						CreatedOnToolsVersion = 7.0;
						DevelopmentTeam = DS7288RFR9;
					};
					F03BEF371BBA8FF100B7D253 = {
						CreatedOnToolsVersion = 7.0;
						TestTargetID = F03BEF231BBA8FF100B7D253;
					};
					F03BEF421BBA8FF100B7D253 = {
						CreatedOnToolsVersion = 7.0;
						TestTargetID = F03BEF231BBA8FF100B7D253;
					};
				};
			};
			buildConfigurationList = F03BEF1F1BBA8FF100B7D253 /* Build configuration list for PBXProject "makemainview" */;
			compatibilityVersion = "Xcode 3.2";
			developmentRegion = English;
			hasScannedForEncodings = 0;
			knownRegions = (
				en,
				Base,
			);
			mainGroup = F03BEF1B1BBA8FF100B7D253;
			productRefGroup = F03BEF251BBA8FF100B7D253 /* Products */;
			projectDirPath = "";
			projectRoot = "";
			targets = (
				F03BEF231BBA8FF100B7D253 /* makemainview */,
				F03BEF371BBA8FF100B7D253 /* makemainviewTests */,
				F03BEF421BBA8FF100B7D253 /* makemainviewUITests */,
			);
		};
/* End PBXProject section */

/* Begin PBXResourcesBuildPhase section */
		F03BEF221BBA8FF100B7D253 /* Resources */ = {
			isa = PBXResourcesBuildPhase;
			buildActionMask = 2147483647;
			files = (
				F03BEF321BBA8FF100B7D253 /* LaunchScreen.storyboard in Resources */,
				F03BEF2F1BBA8FF100B7D253 /* Assets.xcassets in Resources */,
				F03BEF2D1BBA8FF100B7D253 /* Main.storyboard in Resources */,
			);
			runOnlyForDeploymentPostprocessing = 0;
		};
		F03BEF361BBA8FF100B7D253 /* Resources */ = {
			isa = PBXResourcesBuildPhase;
			buildActionMask = 2147483647;
			files = (
			);
			runOnlyForDeploymentPostprocessing = 0;
		};
		F03BEF411BBA8FF100B7D253 /* Resources */ = {
			isa = PBXResourcesBuildPhase;
			buildActionMask = 2147483647;
			files = (
			);
			runOnlyForDeploymentPostprocessing = 0;
		};
/* End PBXResourcesBuildPhase section */

/* Begin PBXSourcesBuildPhase section */
		F03BEF201BBA8FF100B7D253 /* Sources */ = {
			isa = PBXSourcesBuildPhase;
			buildActionMask = 2147483647;
			files = (
				F02064C31BBAFB080012F018 /* menuItem2ViewController.swift in Sources */,
				F03BEF2A1BBA8FF100B7D253 /* ViewController.swift in Sources */,
				F02064C51BBB01210012F018 /* menuitem3ViewController.swift in Sources */,
				F03BEF281BBA8FF100B7D253 /* AppDelegate.swift in Sources */,
				F03BEF591BBAF02E00B7D253 /* SWRevealViewController.m in Sources */,
				F02064C11BBAF67E0012F018 /* mainViewController.swift in Sources */,
			);
			runOnlyForDeploymentPostprocessing = 0;
		};
		F03BEF341BBA8FF100B7D253 /* Sources */ = {
			isa = PBXSourcesBuildPhase;
			buildActionMask = 2147483647;
			files = (
				F03BEF3D1BBA8FF100B7D253 /* makemainviewTests.swift in Sources */,
			);
			runOnlyForDeploymentPostprocessing = 0;
		};
		F03BEF3F1BBA8FF100B7D253 /* Sources */ = {
			isa = PBXSourcesBuildPhase;
			buildActionMask = 2147483647;
			files = (
				F03BEF481BBA8FF100B7D253 /* makemainviewUITests.swift in Sources */,
			);
			runOnlyForDeploymentPostprocessing = 0;
		};
/* End PBXSourcesBuildPhase section */

/* Begin PBXTargetDependency section */
		F03BEF3A1BBA8FF100B7D253 /* PBXTargetDependency */ = {
			isa = PBXTargetDependency;
			target = F03BEF231BBA8FF100B7D253 /* makemainview */;
			targetProxy = F03BEF391BBA8FF100B7D253 /* PBXContainerItemProxy */;
		};
		F03BEF451BBA8FF100B7D253 /* PBXTargetDependency */ = {
			isa = PBXTargetDependency;
			target = F03BEF231BBA8FF100B7D253 /* makemainview */;
			targetProxy = F03BEF441BBA8FF100B7D253 /* PBXContainerItemProxy */;
		};
/* End PBXTargetDependency section */

/* Begin PBXVariantGroup section */
		F03BEF2B1BBA8FF100B7D253 /* Main.storyboard */ = {
			isa = PBXVariantGroup;
			children = (
				F03BEF2C1BBA8FF100B7D253 /* Base */,
			);
			name = Main.storyboard;
			sourceTree = "<group>";
		};
		F03BEF301BBA8FF100B7D253 /* LaunchScreen.storyboard */ = {
			isa = PBXVariantGroup;
			children = (
				F03BEF311BBA8FF100B7D253 /* Base */,
			);
			name = LaunchScreen.storyboard;
			sourceTree = "<group>";
		};
/* End PBXVariantGroup section */

/* Begin XCBuildConfiguration section */
		F03BEF4A1BBA8FF100B7D253 /* Debug */ = {
			isa = XCBuildConfiguration;
			buildSettings = {
				ALWAYS_SEARCH_USER_PATHS = NO;
				CLANG_CXX_LANGUAGE_STANDARD = "gnu++0x";
				CLANG_CXX_LIBRARY = "libc++";
				CLANG_ENABLE_MODULES = YES;
				CLANG_ENABLE_OBJC_ARC = YES;
				CLANG_WARN_BOOL_CONVERSION = YES;
				CLANG_WARN_CONSTANT_CONVERSION = YES;
				CLANG_WARN_DIRECT_OBJC_ISA_USAGE = YES_ERROR;
				CLANG_WARN_EMPTY_BODY = YES;
				CLANG_WARN_ENUM_CONVERSION = YES;
				CLANG_WARN_INT_CONVERSION = YES;
				CLANG_WARN_OBJC_ROOT_CLASS = YES_ERROR;
				CLANG_WARN_UNREACHABLE_CODE = YES;
				CLANG_WARN__DUPLICATE_METHOD_MATCH = YES;
				"CODE_SIGN_IDENTITY[sdk=iphoneos*]" = "iPhone Developer";
				COPY_PHASE_STRIP = NO;
				DEBUG_INFORMATION_FORMAT = dwarf;
				ENABLE_STRICT_OBJC_MSGSEND = YES;
				ENABLE_TESTABILITY = YES;
				GCC_C_LANGUAGE_STANDARD = gnu99;
				GCC_DYNAMIC_NO_PIC = NO;
				GCC_NO_COMMON_BLOCKS = YES;
				GCC_OPTIMIZATION_LEVEL = 0;
				GCC_PREPROCESSOR_DEFINITIONS = (
					"DEBUG=1",
					"$(inherited)",
				);
				GCC_WARN_64_TO_32_BIT_CONVERSION = YES;
				GCC_WARN_ABOUT_RETURN_TYPE = YES_ERROR;
				GCC_WARN_UNDECLARED_SELECTOR = YES;
				GCC_WARN_UNINITIALIZED_AUTOS = YES_AGGRESSIVE;
				GCC_WARN_UNUSED_FUNCTION = YES;
				GCC_WARN_UNUSED_VARIABLE = YES;
				IPHONEOS_DEPLOYMENT_TARGET = 9.0;
				MTL_ENABLE_DEBUG_INFO = YES;
				ONLY_ACTIVE_ARCH = YES;
				SDKROOT = iphoneos;
				SWIFT_OPTIMIZATION_LEVEL = "-Onone";
			};
			name = Debug;
		};
		F03BEF4B1BBA8FF100B7D253 /* Release */ = {
			isa = XCBuildConfiguration;
			buildSettings = {
				ALWAYS_SEARCH_USER_PATHS = NO;
				CLANG_CXX_LANGUAGE_STANDARD = "gnu++0x";
				CLANG_CXX_LIBRARY = "libc++";
				CLANG_ENABLE_MODULES = YES;
				CLANG_ENABLE_OBJC_ARC = YES;
				CLANG_WARN_BOOL_CONVERSION = YES;
				CLANG_WARN_CONSTANT_CONVERSION = YES;
				CLANG_WARN_DIRECT_OBJC_ISA_USAGE = YES_ERROR;
				CLANG_WARN_EMPTY_BODY = YES;
				CLANG_WARN_ENUM_CONVERSION = YES;
				CLANG_WARN_INT_CONVERSION = YES;
				CLANG_WARN_OBJC_ROOT_CLASS = YES_ERROR;
				CLANG_WARN_UNREACHABLE_CODE = YES;
				CLANG_WARN__DUPLICATE_METHOD_MATCH = YES;
				"CODE_SIGN_IDENTITY[sdk=iphoneos*]" = "iPhone Developer";
				COPY_PHASE_STRIP = NO;
				DEBUG_INFORMATION_FORMAT = "dwarf-with-dsym";
				ENABLE_NS_ASSERTIONS = NO;
				ENABLE_STRICT_OBJC_MSGSEND = YES;
				GCC_C_LANGUAGE_STANDARD = gnu99;
				GCC_NO_COMMON_BLOCKS = YES;
				GCC_WARN_64_TO_32_BIT_CONVERSION = YES;
				GCC_WARN_ABOUT_RETURN_TYPE = YES_ERROR;
				GCC_WARN_UNDECLARED_SELECTOR = YES;
				GCC_WARN_UNINITIALIZED_AUTOS = YES_AGGRESSIVE;
				GCC_WARN_UNUSED_FUNCTION = YES;
				GCC_WARN_UNUSED_VARIABLE = YES;
				IPHONEOS_DEPLOYMENT_TARGET = 9.0;
				MTL_ENABLE_DEBUG_INFO = NO;
				SDKROOT = iphoneos;
				VALIDATE_PRODUCT = YES;
			};
			name = Release;
		};
		F03BEF4D1BBA8FF100B7D253 /* Debug */ = {
			isa = XCBuildConfiguration;
			buildSettings = {
				ASSETCATALOG_COMPILER_APPICON_NAME = AppIcon;
				CLANG_ENABLE_MODULES = YES;
				CODE_SIGN_IDENTITY = "iPhone Developer";
				"CODE_SIGN_IDENTITY[sdk=iphoneos*]" = "iPhone Developer";
				INFOPLIST_FILE = makemainview/Info.plist;
				LD_RUNPATH_SEARCH_PATHS = "$(inherited) @executable_path/Frameworks";
				PRODUCT_BUNDLE_IDENTIFIER = com.otterRealm.makemainview;
				PRODUCT_NAME = "$(TARGET_NAME)";
				PROVISIONING_PROFILE = "";
				SWIFT_OBJC_BRIDGING_HEADER = "makemainview/makemainview-Bridging-Header.h";
				SWIFT_OPTIMIZATION_LEVEL = "-Onone";
				TARGETED_DEVICE_FAMILY = 1;
			};
			name = Debug;
		};
		F03BEF4E1BBA8FF100B7D253 /* Release */ = {
			isa = XCBuildConfiguration;
			buildSettings = {
				ASSETCATALOG_COMPILER_APPICON_NAME = AppIcon;
				CLANG_ENABLE_MODULES = YES;
				CODE_SIGN_IDENTITY = "iPhone Developer";
				"CODE_SIGN_IDENTITY[sdk=iphoneos*]" = "iPhone Developer";
				INFOPLIST_FILE = makemainview/Info.plist;
				LD_RUNPATH_SEARCH_PATHS = "$(inherited) @executable_path/Frameworks";
				PRODUCT_BUNDLE_IDENTIFIER = com.otterRealm.makemainview;
				PRODUCT_NAME = "$(TARGET_NAME)";
				PROVISIONING_PROFILE = "";
				SWIFT_OBJC_BRIDGING_HEADER = "makemainview/makemainview-Bridging-Header.h";
				TARGETED_DEVICE_FAMILY = 1;
			};
			name = Release;
		};
		F03BEF501BBA8FF100B7D253 /* Debug */ = {
			isa = XCBuildConfiguration;
			buildSettings = {
				BUNDLE_LOADER = "$(TEST_HOST)";
				INFOPLIST_FILE = makemainviewTests/Info.plist;
				LD_RUNPATH_SEARCH_PATHS = "$(inherited) @executable_path/Frameworks @loader_path/Frameworks";
				PRODUCT_BUNDLE_IDENTIFIER = com.otterRealm.makemainviewTests;
				PRODUCT_NAME = "$(TARGET_NAME)";
				TEST_HOST = "$(BUILT_PRODUCTS_DIR)/makemainview.app/makemainview";
			};
			name = Debug;
		};
		F03BEF511BBA8FF100B7D253 /* Release */ = {
			isa = XCBuildConfiguration;
			buildSettings = {
				BUNDLE_LOADER = "$(TEST_HOST)";
				INFOPLIST_FILE = makemainviewTests/Info.plist;
				LD_RUNPATH_SEARCH_PATHS = "$(inherited) @executable_path/Frameworks @loader_path/Frameworks";
				PRODUCT_BUNDLE_IDENTIFIER = com.otterRealm.makemainviewTests;
				PRODUCT_NAME = "$(TARGET_NAME)";
				TEST_HOST = "$(BUILT_PRODUCTS_DIR)/makemainview.app/makemainview";
			};
			name = Release;
		};
		F03BEF531BBA8FF100B7D253 /* Debug */ = {
			isa = XCBuildConfiguration;
			buildSettings = {
				INFOPLIST_FILE = makemainviewUITests/Info.plist;
				LD_RUNPATH_SEARCH_PATHS = "$(inherited) @executable_path/Frameworks @loader_path/Frameworks";
				PRODUCT_BUNDLE_IDENTIFIER = com.otterRealm.makemainviewUITests;
				PRODUCT_NAME = "$(TARGET_NAME)";
				TEST_TARGET_NAME = makemainview;
				USES_XCTRUNNER = YES;
			};
			name = Debug;
		};
		F03BEF541BBA8FF100B7D253 /* Release */ = {
			isa = XCBuildConfiguration;
			buildSettings = {
				INFOPLIST_FILE = makemainviewUITests/Info.plist;
				LD_RUNPATH_SEARCH_PATHS = "$(inherited) @executable_path/Frameworks @loader_path/Frameworks";
				PRODUCT_BUNDLE_IDENTIFIER = com.otterRealm.makemainviewUITests;
				PRODUCT_NAME = "$(TARGET_NAME)";
				TEST_TARGET_NAME = makemainview;
				USES_XCTRUNNER = YES;
			};
			name = Release;
		};
/* End XCBuildConfiguration section */

/* Begin XCConfigurationList section */
		F03BEF1F1BBA8FF100B7D253 /* Build configuration list for PBXProject "makemainview" */ = {
			isa = XCConfigurationList;
			buildConfigurations = (
				F03BEF4A1BBA8FF100B7D253 /* Debug */,
				F03BEF4B1BBA8FF100B7D253 /* Release */,
			);
			defaultConfigurationIsVisible = 0;
			defaultConfigurationName = Release;
		};
		F03BEF4C1BBA8FF100B7D253 /* Build configuration list for PBXNativeTarget "makemainview" */ = {
			isa = XCConfigurationList;
			buildConfigurations = (
				F03BEF4D1BBA8FF100B7D253 /* Debug */,
				F03BEF4E1BBA8FF100B7D253 /* Release */,
			);
			defaultConfigurationIsVisible = 0;
			defaultConfigurationName = Release;
		};
		F03BEF4F1BBA8FF100B7D253 /* Build configuration list for PBXNativeTarget "makemainviewTests" */ = {
			isa = XCConfigurationList;
			buildConfigurations = (
				F03BEF501BBA8FF100B7D253 /* Debug */,
				F03BEF511BBA8FF100B7D253 /* Release */,
			);
			defaultConfigurationIsVisible = 0;
			defaultConfigurationName = Release;
		};
		F03BEF521BBA8FF100B7D253 /* Build configuration list for PBXNativeTarget "makemainviewUITests" */ = {
			isa = XCConfigurationList;
			buildConfigurations = (
				F03BEF531BBA8FF100B7D253 /* Debug */,
				F03BEF541BBA8FF100B7D253 /* Release */,
			);
			defaultConfigurationIsVisible = 0;
			defaultConfigurationName = Release;
		};
/* End XCConfigurationList section */
	};
	rootObject = F03BEF1C1BBA8FF100B7D253 /* Project object */;
}
